
Microsoft Visual Studio Solution File, Format Version 12.00
# Visual Studio Version 17
VisualStudioVersion = 17.7.34018.315
MinimumVisualStudioVersion = 10.0.40219.1
Project("{2150E333-8FDC-42A3-9474-1A3956D46DE8}") = "Solution Items", "Solution Items", "{10E9121B-CEB6-42FE-8299-85FCAC3AB3E1}"
	ProjectSection(SolutionItems) = preProject
		.gitignore = .gitignore
		LICENSE = LICENSE
		README.md = README.md
	EndProjectSection
EndProject
Project("{2150E333-8FDC-42A3-9474-1A3956D46DE8}") = "src", "src", "{1ABC26C5-58E8-4B65-B288-60BC05783E62}"
EndProject
Project("{9A19103F-16F7-4668-BE54-9A1E7A4F7556}") = "Web", "src\Web\Web.csproj", "{E1B11D95-33EB-46D3-B41C-4B69FEA1EBF6}"
EndProject
Project("{9A19103F-16F7-4668-BE54-9A1E7A4F7556}") = "WebApi", "src\WebApi\WebApi.csproj", "{0991C5BC-5523-46A4-900A-27E6BF3BAD2C}"
EndProject
Global
	GlobalSection(SolutionConfigurationPlatforms) = preSolution
		Debug|Any CPU = Debug|Any CPU
		Release|Any CPU = Release|Any CPU
	EndGlobalSection
	GlobalSection(ProjectConfigurationPlatforms) = postSolution
		{E1B11D95-33EB-46D3-B41C-4B69FEA1EBF6}.Debug|Any CPU.ActiveCfg = Debug|Any CPU
		{E1B11D95-33EB-46D3-B41C-4B69FEA1EBF6}.Debug|Any CPU.Build.0 = Debug|Any CPU
		{E1B11D95-33EB-46D3-B41C-4B69FEA1EBF6}.Release|Any CPU.ActiveCfg = Release|Any CPU
		{E1B11D95-33EB-46D3-B41C-4B69FEA1EBF6}.Release|Any CPU.Build.0 = Release|Any CPU
		{0991C5BC-5523-46A4-900A-27E6BF3BAD2C}.Debug|Any CPU.ActiveCfg = Debug|Any CPU
		{0991C5BC-5523-46A4-900A-27E6BF3BAD2C}.Debug|Any CPU.Build.0 = Debug|Any CPU
		{0991C5BC-5523-46A4-900A-27E6BF3BAD2C}.Release|Any CPU.ActiveCfg = Release|Any CPU
		{0991C5BC-5523-46A4-900A-27E6BF3BAD2C}.Release|Any CPU.Build.0 = Release|Any CPU
	EndGlobalSection
	GlobalSection(SolutionProperties) = preSolution
		HideSolutionNode = FALSE
	EndGlobalSection
	GlobalSection(NestedProjects) = preSolution
		{E1B11D95-33EB-46D3-B41C-4B69FEA1EBF6} = {1ABC26C5-58E8-4B65-B288-60BC05783E62}
		{0991C5BC-5523-46A4-900A-27E6BF3BAD2C} = {1ABC26C5-58E8-4B65-B288-60BC05783E62}
	EndGlobalSection
	GlobalSection(ExtensibilityGlobals) = postSolution
		SolutionGuid = {09976A98-2565-4D28-8E23-DC74FDDD18A9}
	EndGlobalSection
EndGlobal
